uuid: 851a7241-7dfe-49c3-aea6-1c01f580c904
langcode: en
status: true
dependencies:
  content:
    - 'block_content:basic:ea9aa5e8-a9ab-4b86-af3c-64d596498c2b'
  module:
    - block_class
    - block_content
    - system
    - wxt_library
  theme:
    - wxt_challenge_platform
third_party_settings:
  block_class:
    classes: ''
id: challengeplatformintroblock
theme: wxt_challenge_platform
region: content
weight: -10
provider: null
plugin: 'block_content:ea9aa5e8-a9ab-4b86-af3c-64d596498c2b'
settings:
  id: 'block_content:ea9aa5e8-a9ab-4b86-af3c-64d596498c2b'
  label: 'Challenge Platform Intro Block'
  provider: block_content
  label_display: '0'
  status: true
  info: ''
  view_mode: full
visibility:
  request_path:
    id: request_path
    pages: '<front>'
    negate: false
    context_mapping: {  }
  panels_title:
    id: panels_title
    enabled: 0
    negate: false
    context_mapping: {  }
