langcode: en
status: false
dependencies:
  module:
    - block_class
    - wxt_library
  theme:
    - pco_cities_bootstrap
third_party_settings:
  block_class:
    classes: col-md-6
id: pco_cities_bootstrap_datemodifiedblock
theme: pco_cities_bootstrap
region: content_footer
weight: -8
provider: null
plugin: date_modified_block
settings:
  id: date_modified_block
  label: 'Date Modified'
  provider: wxt_library
  label_display: '0'
  date_format:
    page: page
  date_modified: tiny
visibility: {  }
