langcode: en
status: false
dependencies:
  module:
    - block_class
    - system
    - user
    - wxt_library
  theme:
    - pco_cities_bootstrap
third_party_settings:
  block_class:
    classes: ''
id: pco_cities_bootstrap_user_account_block
theme: pco_cities_bootstrap
region: header
weight: -6
provider: null
plugin: user_account_block
settings:
  id: user_account_block
  label: 'User Account'
  provider: wxt_library
  label_display: '0'
visibility:
  request_path:
    id: request_path
    pages: '<front>'
    negate: true
    context_mapping: {  }
  user_role:
    id: user_role
    roles:
      authenticated: authenticated
    negate: false
    context_mapping:
      user: '@user.current_user_context:current_user'
